
Microsoft Visual Studio Solution File, Format Version 12.00
# Visual Studio Version 17
VisualStudioVersion = 17.7.34003.232
MinimumVisualStudioVersion = 10.0.40219.1
Project("{FAE04EC0-301F-11D3-BF4B-00C04F79EFBC}") = "wmimove", "wmimove.csproj", "{4C3E8928-1D65-43BA-8C97-245316D94F22}"
EndProject
Project("{FAE04EC0-301F-11D3-BF4B-00C04F79EFBC}") = "Loader", "HollowSnake\Loader.csproj", "{2B183401-9117-42F4-9C3F-DDE101C85B5B}"
EndProject
Global
	GlobalSection(SolutionConfigurationPlatforms) = preSolution
		Debug|Any CPU = Debug|Any CPU
		Release|Any CPU = Release|Any CPU
	EndGlobalSection
	GlobalSection(ProjectConfigurationPlatforms) = postSolution
		{4C3E8928-1D65-43BA-8C97-245316D94F22}.Debug|Any CPU.ActiveCfg = Debug|Any CPU
		{4C3E8928-1D65-43BA-8C97-245316D94F22}.Debug|Any CPU.Build.0 = Debug|Any CPU
		{4C3E8928-1D65-43BA-8C97-245316D94F22}.Release|Any CPU.ActiveCfg = Release|Any CPU
		{4C3E8928-1D65-43BA-8C97-245316D94F22}.Release|Any CPU.Build.0 = Release|Any CPU
		{2B183401-9117-42F4-9C3F-DDE101C85B5B}.Debug|Any CPU.ActiveCfg = Debug|Any CPU
		{2B183401-9117-42F4-9C3F-DDE101C85B5B}.Debug|Any CPU.Build.0 = Debug|Any CPU
		{2B183401-9117-42F4-9C3F-DDE101C85B5B}.Release|Any CPU.ActiveCfg = Release|Any CPU
		{2B183401-9117-42F4-9C3F-DDE101C85B5B}.Release|Any CPU.Build.0 = Release|Any CPU
	EndGlobalSection
	GlobalSection(SolutionProperties) = preSolution
		HideSolutionNode = FALSE
	EndGlobalSection
	GlobalSection(ExtensibilityGlobals) = postSolution
		SolutionGuid = {C5B83615-9AB7-4C39-827F-5BC24098C47B}
	EndGlobalSection
EndGlobal
