
Microsoft Visual Studio Solution File, Format Version 12.00
# Visual Studio Version 17
VisualStudioVersion = 17.7.34003.232
MinimumVisualStudioVersion = 10.0.40219.1
Project("{FAE04EC0-301F-11D3-BF4B-00C04F79EFBC}") = "HollowSnake", "HollowSnake.csproj", "{AF941A56-56BC-4C2B-A095-80BB86837340}"
EndProject
Global
	GlobalSection(SolutionConfigurationPlatforms) = preSolution
		Debug|Any CPU = Debug|Any CPU
		Release|Any CPU = Release|Any CPU
	EndGlobalSection
	GlobalSection(ProjectConfigurationPlatforms) = postSolution
		{AF941A56-56BC-4C2B-A095-80BB86837340}.Debug|Any CPU.ActiveCfg = Debug|Any CPU
		{AF941A56-56BC-4C2B-A095-80BB86837340}.Debug|Any CPU.Build.0 = Debug|Any CPU
		{AF941A56-56BC-4C2B-A095-80BB86837340}.Release|Any CPU.ActiveCfg = Release|Any CPU
		{AF941A56-56BC-4C2B-A095-80BB86837340}.Release|Any CPU.Build.0 = Release|Any CPU
	EndGlobalSection
	GlobalSection(SolutionProperties) = preSolution
		HideSolutionNode = FALSE
	EndGlobalSection
	GlobalSection(ExtensibilityGlobals) = postSolution
		SolutionGuid = {31C5367D-EBA0-4DC0-BE72-8318B5ADC03F}
	EndGlobalSection
EndGlobal
